// !$*UTF8*$!
{
	archiveVersion = 1;
	classes = {
	};
	objectVersion = 46;
	objects = {

/* Begin PBXBuildFile section */
		5E46B6321CBB612F00226F3A /* AppDelegate.swift in Sources */ = {isa = PBXBuildFile; fileRef = 5E46B6311CBB612F00226F3A /* AppDelegate.swift */; };
		5E46B6371CBB612F00226F3A /* Main.storyboard in Resources */ = {isa = PBXBuildFile; fileRef = 5E46B6351CBB612F00226F3A /* Main.storyboard */; };
		5E46B6391CBB612F00226F3A /* Assets.xcassets in Resources */ = {isa = PBXBuildFile; fileRef = 5E46B6381CBB612F00226F3A /* Assets.xcassets */; };
		5E46B6471CBB612F00226F3A /* FoodPinTests.swift in Sources */ = {isa = PBXBuildFile; fileRef = 5E46B6461CBB612F00226F3A /* FoodPinTests.swift */; };
		5E46B6521CBB612F00226F3A /* FoodPinUITests.swift in Sources */ = {isa = PBXBuildFile; fileRef = 5E46B6511CBB612F00226F3A /* FoodPinUITests.swift */; };
		5E46B6601CBB627900226F3A /* RestaurantTableViewController.swift in Sources */ = {isa = PBXBuildFile; fileRef = 5E46B65F1CBB627900226F3A /* RestaurantTableViewController.swift */; };
		5E46B6621CBB704400226F3A /* CustomTableViewCell.swift in Sources */ = {isa = PBXBuildFile; fileRef = 5E46B6611CBB704400226F3A /* CustomTableViewCell.swift */; };
		5E4FEB541CBF6B8E00AA33E6 /* RestaurantDetailViewController.swift in Sources */ = {isa = PBXBuildFile; fileRef = 5E4FEB531CBF6B8E00AA33E6 /* RestaurantDetailViewController.swift */; };
		5E4FEB591CBF7CDE00AA33E6 /* Restaurant.swift in Sources */ = {isa = PBXBuildFile; fileRef = 5E4FEB581CBF7CDE00AA33E6 /* Restaurant.swift */; };
		5E7BD7E51CC09E7A00A87E38 /* RevieweViewController.swift in Sources */ = {isa = PBXBuildFile; fileRef = 5E7BD7E41CC09E7A00A87E38 /* RevieweViewController.swift */; };
		5E7BD7E71CC0B23D00A87E38 /* MapKit.framework in Frameworks */ = {isa = PBXBuildFile; fileRef = 5E7BD7E61CC0B23D00A87E38 /* MapKit.framework */; };
		5E7BD7E91CC0B50200A87E38 /* MapViewController.swift in Sources */ = {isa = PBXBuildFile; fileRef = 5E7BD7E81CC0B50200A87E38 /* MapViewController.swift */; };
		5E7EF2E31CBF86D500426DCF /* DetailTableViewController.swift in Sources */ = {isa = PBXBuildFile; fileRef = 5E7EF2E21CBF86D500426DCF /* DetailTableViewController.swift */; };
		5E7EF2E51CBF8B2A00426DCF /* DetailTableViewCell.swift in Sources */ = {isa = PBXBuildFile; fileRef = 5E7EF2E41CBF8B2A00426DCF /* DetailTableViewCell.swift */; };
		5EAD90E01CC2390B00696F95 /* AddRestaurantTableViewController.swift in Sources */ = {isa = PBXBuildFile; fileRef = 5EAD90DF1CC2390B00696F95 /* AddRestaurantTableViewController.swift */; };
/* End PBXBuildFile section */

/* Begin PBXContainerItemProxy section */
		5E46B6431CBB612F00226F3A /* PBXContainerItemProxy */ = {
			isa = PBXContainerItemProxy;
			containerPortal = 5E46B6261CBB612F00226F3A /* Project object */;
			proxyType = 1;
			remoteGlobalIDString = 5E46B62D1CBB612F00226F3A;
			remoteInfo = FoodPin;
		};
		5E46B64E1CBB612F00226F3A /* PBXContainerItemProxy */ = {
			isa = PBXContainerItemProxy;
			containerPortal = 5E46B6261CBB612F00226F3A /* Project object */;
			proxyType = 1;
			remoteGlobalIDString = 5E46B62D1CBB612F00226F3A;
			remoteInfo = FoodPin;
		};
/* End PBXContainerItemProxy section */

/* Begin PBXFileReference section */
		5E46B62E1CBB612F00226F3A /* FoodPin.app */ = {isa = PBXFileReference; explicitFileType = wrapper.application; includeInIndex = 0; path = FoodPin.app; sourceTree = BUILT_PRODUCTS_DIR; };
		5E46B6311CBB612F00226F3A /* AppDelegate.swift */ = {isa = PBXFileReference; lastKnownFileType = sourcecode.swift; path = AppDelegate.swift; sourceTree = "<group>"; };
		5E46B6361CBB612F00226F3A /* Base */ = {isa = PBXFileReference; lastKnownFileType = file.storyboard; name = Base; path = Base.lproj/Main.storyboard; sourceTree = "<group>"; };
		5E46B6381CBB612F00226F3A /* Assets.xcassets */ = {isa = PBXFileReference; lastKnownFileType = folder.assetcatalog; path = Assets.xcassets; sourceTree = "<group>"; };
		5E46B63D1CBB612F00226F3A /* Info.plist */ = {isa = PBXFileReference; lastKnownFileType = text.plist.xml; path = Info.plist; sourceTree = "<group>"; };
		5E46B6421CBB612F00226F3A /* FoodPinTests.xctest */ = {isa = PBXFileReference; explicitFileType = wrapper.cfbundle; includeInIndex = 0; path = FoodPinTests.xctest; sourceTree = BUILT_PRODUCTS_DIR; };
		5E46B6461CBB612F00226F3A /* FoodPinTests.swift */ = {isa = PBXFileReference; lastKnownFileType = sourcecode.swift; path = FoodPinTests.swift; sourceTree = "<group>"; };
		5E46B6481CBB612F00226F3A /* Info.plist */ = {isa = PBXFileReference; lastKnownFileType = text.plist.xml; path = Info.plist; sourceTree = "<group>"; };
		5E46B64D1CBB612F00226F3A /* FoodPinUITests.xctest */ = {isa = PBXFileReference; explicitFileType = wrapper.cfbundle; includeInIndex = 0; path = FoodPinUITests.xctest; sourceTree = BUILT_PRODUCTS_DIR; };
		5E46B6511CBB612F00226F3A /* FoodPinUITests.swift */ = {isa = PBXFileReference; lastKnownFileType = sourcecode.swift; path = FoodPinUITests.swift; sourceTree = "<group>"; };
		5E46B6531CBB612F00226F3A /* Info.plist */ = {isa = PBXFileReference; lastKnownFileType = text.plist.xml; path = Info.plist; sourceTree = "<group>"; };
		5E46B65F1CBB627900226F3A /* RestaurantTableViewController.swift */ = {isa = PBXFileReference; fileEncoding = 4; lastKnownFileType = sourcecode.swift; path = RestaurantTableViewController.swift; sourceTree = "<group>"; };
		5E46B6611CBB704400226F3A /* CustomTableViewCell.swift */ = {isa = PBXFileReference; fileEncoding = 4; lastKnownFileType = sourcecode.swift; path = CustomTableViewCell.swift; sourceTree = "<group>"; };
		5E4FEB531CBF6B8E00AA33E6 /* RestaurantDetailViewController.swift */ = {isa = PBXFileReference; fileEncoding = 4; lastKnownFileType = sourcecode.swift; path = RestaurantDetailViewController.swift; sourceTree = "<group>"; };
		5E4FEB581CBF7CDE00AA33E6 /* Restaurant.swift */ = {isa = PBXFileReference; fileEncoding = 4; lastKnownFileType = sourcecode.swift; path = Restaurant.swift; sourceTree = "<group>"; };
		5E7BD7E41CC09E7A00A87E38 /* RevieweViewController.swift */ = {isa = PBXFileReference; fileEncoding = 4; lastKnownFileType = sourcecode.swift; path = RevieweViewController.swift; sourceTree = "<group>"; };
		5E7BD7E61CC0B23D00A87E38 /* MapKit.framework */ = {isa = PBXFileReference; lastKnownFileType = wrapper.framework; name = MapKit.framework; path = System/Library/Frameworks/MapKit.framework; sourceTree = SDKROOT; };
		5E7BD7E81CC0B50200A87E38 /* MapViewController.swift */ = {isa = PBXFileReference; fileEncoding = 4; lastKnownFileType = sourcecode.swift; path = MapViewController.swift; sourceTree = "<group>"; };
		5E7EF2E21CBF86D500426DCF /* DetailTableViewController.swift */ = {isa = PBXFileReference; fileEncoding = 4; lastKnownFileType = sourcecode.swift; path = DetailTableViewController.swift; sourceTree = "<group>"; };
		5E7EF2E41CBF8B2A00426DCF /* DetailTableViewCell.swift */ = {isa = PBXFileReference; fileEncoding = 4; lastKnownFileType = sourcecode.swift; path = DetailTableViewCell.swift; sourceTree = "<group>"; };
		5EAD90DF1CC2390B00696F95 /* AddRestaurantTableViewController.swift */ = {isa = PBXFileReference; fileEncoding = 4; lastKnownFileType = sourcecode.swift; path = AddRestaurantTableViewController.swift; sourceTree = "<group>"; };
/* End PBXFileReference section */

/* Begin PBXFrameworksBuildPhase section */
		5E46B62B1CBB612F00226F3A /* Frameworks */ = {
			isa = PBXFrameworksBuildPhase;
			buildActionMask = 2147483647;
			files = (
				5E7BD7E71CC0B23D00A87E38 /* MapKit.framework in Frameworks */,
			);
			runOnlyForDeploymentPostprocessing = 0;
		};
		5E46B63F1CBB612F00226F3A /* Frameworks */ = {
			isa = PBXFrameworksBuildPhase;
			buildActionMask = 2147483647;
			files = (
			);
			runOnlyForDeploymentPostprocessing = 0;
		};
		5E46B64A1CBB612F00226F3A /* Frameworks */ = {
			isa = PBXFrameworksBuildPhase;
			buildActionMask = 2147483647;
			files = (
			);
			runOnlyForDeploymentPostprocessing = 0;
		};
/* End PBXFrameworksBuildPhase section */

/* Begin PBXGroup section */
		5E46B6251CBB612F00226F3A = {
			isa = PBXGroup;
			children = (
				5E7BD7E61CC0B23D00A87E38 /* MapKit.framework */,
				5E46B6301CBB612F00226F3A /* FoodPin */,
				5E46B6451CBB612F00226F3A /* FoodPinTests */,
				5E46B6501CBB612F00226F3A /* FoodPinUITests */,
				5E46B62F1CBB612F00226F3A /* Products */,
			);
			sourceTree = "<group>";
		};
		5E46B62F1CBB612F00226F3A /* Products */ = {
			isa = PBXGroup;
			children = (
				5E46B62E1CBB612F00226F3A /* FoodPin.app */,
				5E46B6421CBB612F00226F3A /* FoodPinTests.xctest */,
				5E46B64D1CBB612F00226F3A /* FoodPinUITests.xctest */,
			);
			name = Products;
			sourceTree = "<group>";
		};
		5E46B6301CBB612F00226F3A /* FoodPin */ = {
			isa = PBXGroup;
			children = (
				5E46B6311CBB612F00226F3A /* AppDelegate.swift */,
				5E46B65F1CBB627900226F3A /* RestaurantTableViewController.swift */,
				5E46B6351CBB612F00226F3A /* Main.storyboard */,
				5E7EF2E21CBF86D500426DCF /* DetailTableViewController.swift */,
				5E7EF2E41CBF8B2A00426DCF /* DetailTableViewCell.swift */,
				5E46B6381CBB612F00226F3A /* Assets.xcassets */,
				5E46B63D1CBB612F00226F3A /* Info.plist */,
				5E46B6611CBB704400226F3A /* CustomTableViewCell.swift */,
				5E4FEB531CBF6B8E00AA33E6 /* RestaurantDetailViewController.swift */,
				5E4FEB581CBF7CDE00AA33E6 /* Restaurant.swift */,
				5E7BD7E41CC09E7A00A87E38 /* RevieweViewController.swift */,
				5E7BD7E81CC0B50200A87E38 /* MapViewController.swift */,
				5EAD90DF1CC2390B00696F95 /* AddRestaurantTableViewController.swift */,
			);
			path = FoodPin;
			sourceTree = "<group>";
		};
		5E46B6451CBB612F00226F3A /* FoodPinTests */ = {
			isa = PBXGroup;
			children = (
				5E46B6461CBB612F00226F3A /* FoodPinTests.swift */,
				5E46B6481CBB612F00226F3A /* Info.plist */,
			);
			path = FoodPinTests;
			sourceTree = "<group>";
		};
		5E46B6501CBB612F00226F3A /* FoodPinUITests */ = {
			isa = PBXGroup;
			children = (
				5E46B6511CBB612F00226F3A /* FoodPinUITests.swift */,
				5E46B6531CBB612F00226F3A /* Info.plist */,
			);
			path = FoodPinUITests;
			sourceTree = "<group>";
		};
/* End PBXGroup section */

/* Begin PBXNativeTarget section */
		5E46B62D1CBB612F00226F3A /* FoodPin */ = {
			isa = PBXNativeTarget;
			buildConfigurationList = 5E46B6561CBB612F00226F3A /* Build configuration list for PBXNativeTarget "FoodPin" */;
			buildPhases = (
				5E46B62A1CBB612F00226F3A /* Sources */,
				5E46B62B1CBB612F00226F3A /* Frameworks */,
				5E46B62C1CBB612F00226F3A /* Resources */,
			);
			buildRules = (
			);
			dependencies = (
			);
			name = FoodPin;
			productName = FoodPin;
			productReference = 5E46B62E1CBB612F00226F3A /* FoodPin.app */;
			productType = "com.apple.product-type.application";
		};
		5E46B6411CBB612F00226F3A /* FoodPinTests */ = {
			isa = PBXNativeTarget;
			buildConfigurationList = 5E46B6591CBB612F00226F3A /* Build configuration list for PBXNativeTarget "FoodPinTests" */;
			buildPhases = (
				5E46B63E1CBB612F00226F3A /* Sources */,
				5E46B63F1CBB612F00226F3A /* Frameworks */,
				5E46B6401CBB612F00226F3A /* Resources */,
			);
			buildRules = (
			);
			dependencies = (
				5E46B6441CBB612F00226F3A /* PBXTargetDependency */,
			);
			name = FoodPinTests;
			productName = FoodPinTests;
			productReference = 5E46B6421CBB612F00226F3A /* FoodPinTests.xctest */;
			productType = "com.apple.product-type.bundle.unit-test";
		};
		5E46B64C1CBB612F00226F3A /* FoodPinUITests */ = {
			isa = PBXNativeTarget;
			buildConfigurationList = 5E46B65C1CBB612F00226F3A /* Build configuration list for PBXNativeTarget "FoodPinUITests" */;
			buildPhases = (
				5E46B6491CBB612F00226F3A /* Sources */,
				5E46B64A1CBB612F00226F3A /* Frameworks */,
				5E46B64B1CBB612F00226F3A /* Resources */,
			);
			buildRules = (
			);
			dependencies = (
				5E46B64F1CBB612F00226F3A /* PBXTargetDependency */,
			);
			name = FoodPinUITests;
			productName = FoodPinUITests;
			productReference = 5E46B64D1CBB612F00226F3A /* FoodPinUITests.xctest */;
			productType = "com.apple.product-type.bundle.ui-testing";
		};
/* End PBXNativeTarget section */

/* Begin PBXProject section */
		5E46B6261CBB612F00226F3A /* Project object */ = {
			isa = PBXProject;
			attributes = {
				LastSwiftUpdateCheck = 0730;
				LastUpgradeCheck = 0730;
				ORGANIZATIONNAME = "柯秉钧";
				TargetAttributes = {
					5E46B62D1CBB612F00226F3A = {
						CreatedOnToolsVersion = 7.3;
						DevelopmentTeam = FMD93864NK;
						SystemCapabilities = {
							com.apple.Maps.iOS = {
								enabled = 1;
							};
						};
					};
					5E46B6411CBB612F00226F3A = {
						CreatedOnToolsVersion = 7.3;
						TestTargetID = 5E46B62D1CBB612F00226F3A;
					};
					5E46B64C1CBB612F00226F3A = {
						CreatedOnToolsVersion = 7.3;
						TestTargetID = 5E46B62D1CBB612F00226F3A;
					};
				};
			};
			buildConfigurationList = 5E46B6291CBB612F00226F3A /* Build configuration list for PBXProject "FoodPin" */;
			compatibilityVersion = "Xcode 3.2";
			developmentRegion = English;
			hasScannedForEncodings = 0;
			knownRegions = (
				en,
				Base,
			);
			mainGroup = 5E46B6251CBB612F00226F3A;
			productRefGroup = 5E46B62F1CBB612F00226F3A /* Products */;
			projectDirPath = "";
			projectRoot = "";
			targets = (
				5E46B62D1CBB612F00226F3A /* FoodPin */,
				5E46B6411CBB612F00226F3A /* FoodPinTests */,
				5E46B64C1CBB612F00226F3A /* FoodPinUITests */,
			);
		};
/* End PBXProject section */

/* Begin PBXResourcesBuildPhase section */
		5E46B62C1CBB612F00226F3A /* Resources */ = {
			isa = PBXResourcesBuildPhase;
			buildActionMask = 2147483647;
			files = (
				5E46B6391CBB612F00226F3A /* Assets.xcassets in Resources */,
				5E46B6371CBB612F00226F3A /* Main.storyboard in Resources */,
			);
			runOnlyForDeploymentPostprocessing = 0;
		};
		5E46B6401CBB612F00226F3A /* Resources */ = {
			isa = PBXResourcesBuildPhase;
			buildActionMask = 2147483647;
			files = (
			);
			runOnlyForDeploymentPostprocessing = 0;
		};
		5E46B64B1CBB612F00226F3A /* Resources */ = {
			isa = PBXResourcesBuildPhase;
			buildActionMask = 2147483647;
			files = (
			);
			runOnlyForDeploymentPostprocessing = 0;
		};
/* End PBXResourcesBuildPhase section */

/* Begin PBXSourcesBuildPhase section */
		5E46B62A1CBB612F00226F3A /* Sources */ = {
			isa = PBXSourcesBuildPhase;
			buildActionMask = 2147483647;
			files = (
				5EAD90E01CC2390B00696F95 /* AddRestaurantTableViewController.swift in Sources */,
				5E7EF2E31CBF86D500426DCF /* DetailTableViewController.swift in Sources */,
				5E4FEB591CBF7CDE00AA33E6 /* Restaurant.swift in Sources */,
				5E7EF2E51CBF8B2A00426DCF /* DetailTableViewCell.swift in Sources */,
				5E46B6321CBB612F00226F3A /* AppDelegate.swift in Sources */,
				5E7BD7E91CC0B50200A87E38 /* MapViewController.swift in Sources */,
				5E7BD7E51CC09E7A00A87E38 /* RevieweViewController.swift in Sources */,
				5E46B6621CBB704400226F3A /* CustomTableViewCell.swift in Sources */,
				5E4FEB541CBF6B8E00AA33E6 /* RestaurantDetailViewController.swift in Sources */,
				5E46B6601CBB627900226F3A /* RestaurantTableViewController.swift in Sources */,
			);
			runOnlyForDeploymentPostprocessing = 0;
		};
		5E46B63E1CBB612F00226F3A /* Sources */ = {
			isa = PBXSourcesBuildPhase;
			buildActionMask = 2147483647;
			files = (
				5E46B6471CBB612F00226F3A /* FoodPinTests.swift in Sources */,
			);
			runOnlyForDeploymentPostprocessing = 0;
		};
		5E46B6491CBB612F00226F3A /* Sources */ = {
			isa = PBXSourcesBuildPhase;
			buildActionMask = 2147483647;
			files = (
				5E46B6521CBB612F00226F3A /* FoodPinUITests.swift in Sources */,
			);
			runOnlyForDeploymentPostprocessing = 0;
		};
/* End PBXSourcesBuildPhase section */

/* Begin PBXTargetDependency section */
		5E46B6441CBB612F00226F3A /* PBXTargetDependency */ = {
			isa = PBXTargetDependency;
			target = 5E46B62D1CBB612F00226F3A /* FoodPin */;
			targetProxy = 5E46B6431CBB612F00226F3A /* PBXContainerItemProxy */;
		};
		5E46B64F1CBB612F00226F3A /* PBXTargetDependency */ = {
			isa = PBXTargetDependency;
			target = 5E46B62D1CBB612F00226F3A /* FoodPin */;
			targetProxy = 5E46B64E1CBB612F00226F3A /* PBXContainerItemProxy */;
		};
/* End PBXTargetDependency section */

/* Begin PBXVariantGroup section */
		5E46B6351CBB612F00226F3A /* Main.storyboard */ = {
			isa = PBXVariantGroup;
			children = (
				5E46B6361CBB612F00226F3A /* Base */,
			);
			name = Main.storyboard;
			sourceTree = "<group>";
		};
/* End PBXVariantGroup section */

/* Begin XCBuildConfiguration section */
		5E46B6541CBB612F00226F3A /* Debug */ = {
			isa = XCBuildConfiguration;
			buildSettings = {
				ALWAYS_SEARCH_USER_PATHS = NO;
				CLANG_ANALYZER_NONNULL = YES;
				CLANG_CXX_LANGUAGE_STANDARD = "gnu++0x";
				CLANG_CXX_LIBRARY = "libc++";
				CLANG_ENABLE_MODULES = YES;
				CLANG_ENABLE_OBJC_ARC = YES;
				CLANG_WARN_BOOL_CONVERSION = YES;
				CLANG_WARN_CONSTANT_CONVERSION = YES;
				CLANG_WARN_DIRECT_OBJC_ISA_USAGE = YES_ERROR;
				CLANG_WARN_EMPTY_BODY = YES;
				CLANG_WARN_ENUM_CONVERSION = YES;
				CLANG_WARN_INT_CONVERSION = YES;
				CLANG_WARN_OBJC_ROOT_CLASS = YES_ERROR;
				CLANG_WARN_UNREACHABLE_CODE = YES;
				CLANG_WARN__DUPLICATE_METHOD_MATCH = YES;
				"CODE_SIGN_IDENTITY[sdk=iphoneos*]" = "iPhone Developer";
				COPY_PHASE_STRIP = NO;
				DEBUG_INFORMATION_FORMAT = dwarf;
				ENABLE_STRICT_OBJC_MSGSEND = YES;
				ENABLE_TESTABILITY = YES;
				GCC_C_LANGUAGE_STANDARD = gnu99;
				GCC_DYNAMIC_NO_PIC = NO;
				GCC_NO_COMMON_BLOCKS = YES;
				GCC_OPTIMIZATION_LEVEL = 0;
				GCC_PREPROCESSOR_DEFINITIONS = (
					"DEBUG=1",
					"$(inherited)",
				);
				GCC_WARN_64_TO_32_BIT_CONVERSION = YES;
				GCC_WARN_ABOUT_RETURN_TYPE = YES_ERROR;
				GCC_WARN_UNDECLARED_SELECTOR = YES;
				GCC_WARN_UNINITIALIZED_AUTOS = YES_AGGRESSIVE;
				GCC_WARN_UNUSED_FUNCTION = YES;
				GCC_WARN_UNUSED_VARIABLE = YES;
				IPHONEOS_DEPLOYMENT_TARGET = 9.3;
				MTL_ENABLE_DEBUG_INFO = YES;
				ONLY_ACTIVE_ARCH = YES;
				SDKROOT = iphoneos;
				SWIFT_OPTIMIZATION_LEVEL = "-Onone";
				TARGETED_DEVICE_FAMILY = "1,2";
			};
			name = Debug;
		};
		5E46B6551CBB612F00226F3A /* Release */ = {
			isa = XCBuildConfiguration;
			buildSettings = {
				ALWAYS_SEARCH_USER_PATHS = NO;
				CLANG_ANALYZER_NONNULL = YES;
				CLANG_CXX_LANGUAGE_STANDARD = "gnu++0x";
				CLANG_CXX_LIBRARY = "libc++";
				CLANG_ENABLE_MODULES = YES;
				CLANG_ENABLE_OBJC_ARC = YES;
				CLANG_WARN_BOOL_CONVERSION = YES;
				CLANG_WARN_CONSTANT_CONVERSION = YES;
				CLANG_WARN_DIRECT_OBJC_ISA_USAGE = YES_ERROR;
				CLANG_WARN_EMPTY_BODY = YES;
				CLANG_WARN_ENUM_CONVERSION = YES;
				CLANG_WARN_INT_CONVERSION = YES;
				CLANG_WARN_OBJC_ROOT_CLASS = YES_ERROR;
				CLANG_WARN_UNREACHABLE_CODE = YES;
				CLANG_WARN__DUPLICATE_METHOD_MATCH = YES;
				"CODE_SIGN_IDENTITY[sdk=iphoneos*]" = "iPhone Developer";
				COPY_PHASE_STRIP = NO;
				DEBUG_INFORMATION_FORMAT = "dwarf-with-dsym";
				ENABLE_NS_ASSERTIONS = NO;
				ENABLE_STRICT_OBJC_MSGSEND = YES;
				GCC_C_LANGUAGE_STANDARD = gnu99;
				GCC_NO_COMMON_BLOCKS = YES;
				GCC_WARN_64_TO_32_BIT_CONVERSION = YES;
				GCC_WARN_ABOUT_RETURN_TYPE = YES_ERROR;
				GCC_WARN_UNDECLARED_SELECTOR = YES;
				GCC_WARN_UNINITIALIZED_AUTOS = YES_AGGRESSIVE;
				GCC_WARN_UNUSED_FUNCTION = YES;
				GCC_WARN_UNUSED_VARIABLE = YES;
				IPHONEOS_DEPLOYMENT_TARGET = 9.3;
				MTL_ENABLE_DEBUG_INFO = NO;
				SDKROOT = iphoneos;
				TARGETED_DEVICE_FAMILY = "1,2";
				VALIDATE_PRODUCT = YES;
			};
			name = Release;
		};
		5E46B6571CBB612F00226F3A /* Debug */ = {
			isa = XCBuildConfiguration;
			buildSettings = {
				ASSETCATALOG_COMPILER_APPICON_NAME = AppIcon;
				CODE_SIGN_IDENTITY = "iPhone Developer";
				"CODE_SIGN_IDENTITY[sdk=iphoneos*]" = "iPhone Developer";
				INFOPLIST_FILE = FoodPin/Info.plist;
				LD_RUNPATH_SEARCH_PATHS = "$(inherited) @executable_path/Frameworks";
				PRODUCT_BUNDLE_IDENTIFIER = lennon.FoodPin;
				PRODUCT_NAME = "$(TARGET_NAME)";
				PROVISIONING_PROFILE = "";
			};
			name = Debug;
		};
		5E46B6581CBB612F00226F3A /* Release */ = {
			isa = XCBuildConfiguration;
			buildSettings = {
				ASSETCATALOG_COMPILER_APPICON_NAME = AppIcon;
				CODE_SIGN_IDENTITY = "iPhone Developer";
				"CODE_SIGN_IDENTITY[sdk=iphoneos*]" = "iPhone Developer";
				INFOPLIST_FILE = FoodPin/Info.plist;
				LD_RUNPATH_SEARCH_PATHS = "$(inherited) @executable_path/Frameworks";
				PRODUCT_BUNDLE_IDENTIFIER = lennon.FoodPin;
				PRODUCT_NAME = "$(TARGET_NAME)";
				PROVISIONING_PROFILE = "";
			};
			name = Release;
		};
		5E46B65A1CBB612F00226F3A /* Debug */ = {
			isa = XCBuildConfiguration;
			buildSettings = {
				BUNDLE_LOADER = "$(TEST_HOST)";
				INFOPLIST_FILE = FoodPinTests/Info.plist;
				LD_RUNPATH_SEARCH_PATHS = "$(inherited) @executable_path/Frameworks @loader_path/Frameworks";
				PRODUCT_BUNDLE_IDENTIFIER = lennon.FoodPinTests;
				PRODUCT_NAME = "$(TARGET_NAME)";
				TEST_HOST = "$(BUILT_PRODUCTS_DIR)/FoodPin.app/FoodPin";
			};
			name = Debug;
		};
		5E46B65B1CBB612F00226F3A /* Release */ = {
			isa = XCBuildConfiguration;
			buildSettings = {
				BUNDLE_LOADER = "$(TEST_HOST)";
				INFOPLIST_FILE = FoodPinTests/Info.plist;
				LD_RUNPATH_SEARCH_PATHS = "$(inherited) @executable_path/Frameworks @loader_path/Frameworks";
				PRODUCT_BUNDLE_IDENTIFIER = lennon.FoodPinTests;
				PRODUCT_NAME = "$(TARGET_NAME)";
				TEST_HOST = "$(BUILT_PRODUCTS_DIR)/FoodPin.app/FoodPin";
			};
			name = Release;
		};
		5E46B65D1CBB612F00226F3A /* Debug */ = {
			isa = XCBuildConfiguration;
			buildSettings = {
				INFOPLIST_FILE = FoodPinUITests/Info.plist;
				LD_RUNPATH_SEARCH_PATHS = "$(inherited) @executable_path/Frameworks @loader_path/Frameworks";
				PRODUCT_BUNDLE_IDENTIFIER = lennon.FoodPinUITests;
				PRODUCT_NAME = "$(TARGET_NAME)";
				TEST_TARGET_NAME = FoodPin;
			};
			name = Debug;
		};
		5E46B65E1CBB612F00226F3A /* Release */ = {
			isa = XCBuildConfiguration;
			buildSettings = {
				INFOPLIST_FILE = FoodPinUITests/Info.plist;
				LD_RUNPATH_SEARCH_PATHS = "$(inherited) @executable_path/Frameworks @loader_path/Frameworks";
				PRODUCT_BUNDLE_IDENTIFIER = lennon.FoodPinUITests;
				PRODUCT_NAME = "$(TARGET_NAME)";
				TEST_TARGET_NAME = FoodPin;
			};
			name = Release;
		};
/* End XCBuildConfiguration section */

/* Begin XCConfigurationList section */
		5E46B6291CBB612F00226F3A /* Build configuration list for PBXProject "FoodPin" */ = {
			isa = XCConfigurationList;
			buildConfigurations = (
				5E46B6541CBB612F00226F3A /* Debug */,
				5E46B6551CBB612F00226F3A /* Release */,
			);
			defaultConfigurationIsVisible = 0;
			defaultConfigurationName = Release;
		};
		5E46B6561CBB612F00226F3A /* Build configuration list for PBXNativeTarget "FoodPin" */ = {
			isa = XCConfigurationList;
			buildConfigurations = (
				5E46B6571CBB612F00226F3A /* Debug */,
				5E46B6581CBB612F00226F3A /* Release */,
			);
			defaultConfigurationIsVisible = 0;
			defaultConfigurationName = Release;
		};
		5E46B6591CBB612F00226F3A /* Build configuration list for PBXNativeTarget "FoodPinTests" */ = {
			isa = XCConfigurationList;
			buildConfigurations = (
				5E46B65A1CBB612F00226F3A /* Debug */,
				5E46B65B1CBB612F00226F3A /* Release */,
			);
			defaultConfigurationIsVisible = 0;
			defaultConfigurationName = Release;
		};
		5E46B65C1CBB612F00226F3A /* Build configuration list for PBXNativeTarget "FoodPinUITests" */ = {
			isa = XCConfigurationList;
			buildConfigurations = (
				5E46B65D1CBB612F00226F3A /* Debug */,
				5E46B65E1CBB612F00226F3A /* Release */,
			);
			defaultConfigurationIsVisible = 0;
			defaultConfigurationName = Release;
		};
/* End XCConfigurationList section */
	};
	rootObject = 5E46B6261CBB612F00226F3A /* Project object */;
}
